
Microsoft Visual Studio Solution File, Format Version 12.00
# Visual Studio Version 16
VisualStudioVersion = 16.0.29613.14
MinimumVisualStudioVersion = 10.0.40219.1
Project("{9A19103F-16F7-4668-BE54-9A1E7A4F7556}") = "MyBankAccount", "MyBankAccount\MyBankAccount.csproj", "{9DF3851D-1318-4D97-8264-1965350917A7}"
EndProject
Project("{9A19103F-16F7-4668-BE54-9A1E7A4F7556}") = "BankAccountLibrary", "BankAccountLibrary\BankAccountLibrary.csproj", "{102BFA4D-D55C-448D-AF48-0354DBC5B4AE}"
EndProject
Project("{FAE04EC0-301F-11D3-BF4B-00C04F79EFBC}") = "BankingTests", "BankingTests\BankingTests.csproj", "{D7527827-8BAE-4F9F-B759-8837BDC7EBC4}"
EndProject
Global
	GlobalSection(SolutionConfigurationPlatforms) = preSolution
		Debug|Any CPU = Debug|Any CPU
		Release|Any CPU = Release|Any CPU
	EndGlobalSection
	GlobalSection(ProjectConfigurationPlatforms) = postSolution
		{9DF3851D-1318-4D97-8264-1965350917A7}.Debug|Any CPU.ActiveCfg = Debug|Any CPU
		{9DF3851D-1318-4D97-8264-1965350917A7}.Debug|Any CPU.Build.0 = Debug|Any CPU
		{9DF3851D-1318-4D97-8264-1965350917A7}.Release|Any CPU.ActiveCfg = Release|Any CPU
		{9DF3851D-1318-4D97-8264-1965350917A7}.Release|Any CPU.Build.0 = Release|Any CPU
		{102BFA4D-D55C-448D-AF48-0354DBC5B4AE}.Debug|Any CPU.ActiveCfg = Debug|Any CPU
		{102BFA4D-D55C-448D-AF48-0354DBC5B4AE}.Debug|Any CPU.Build.0 = Debug|Any CPU
		{102BFA4D-D55C-448D-AF48-0354DBC5B4AE}.Release|Any CPU.ActiveCfg = Release|Any CPU
		{102BFA4D-D55C-448D-AF48-0354DBC5B4AE}.Release|Any CPU.Build.0 = Release|Any CPU
		{D7527827-8BAE-4F9F-B759-8837BDC7EBC4}.Debug|Any CPU.ActiveCfg = Debug|Any CPU
		{D7527827-8BAE-4F9F-B759-8837BDC7EBC4}.Debug|Any CPU.Build.0 = Debug|Any CPU
		{D7527827-8BAE-4F9F-B759-8837BDC7EBC4}.Release|Any CPU.ActiveCfg = Release|Any CPU
		{D7527827-8BAE-4F9F-B759-8837BDC7EBC4}.Release|Any CPU.Build.0 = Release|Any CPU
	EndGlobalSection
	GlobalSection(SolutionProperties) = preSolution
		HideSolutionNode = FALSE
	EndGlobalSection
	GlobalSection(ExtensibilityGlobals) = postSolution
		SolutionGuid = {2F07C3E9-8BE2-4E95-8EA3-768FCE851102}
	EndGlobalSection
EndGlobal
